
Microsoft Visual Studio Solution File, Format Version 12.00
# Visual Studio Version 16
VisualStudioVersion = 16.0.30330.147
MinimumVisualStudioVersion = 10.0.40219.1
Project("{9A19103F-16F7-4668-BE54-9A1E7A4F7556}") = "BackendSimulator", "BackendSimulator\BackendSimulator.csproj", "{6EEF7E19-B12D-4425-AE57-78DDDE9B1857}"
EndProject
Global
	GlobalSection(SolutionConfigurationPlatforms) = preSolution
		Debug|Any CPU = Debug|Any CPU
		Release|Any CPU = Release|Any CPU
	EndGlobalSection
	GlobalSection(ProjectConfigurationPlatforms) = postSolution
		{6EEF7E19-B12D-4425-AE57-78DDDE9B1857}.Debug|Any CPU.ActiveCfg = Debug|Any CPU
		{6EEF7E19-B12D-4425-AE57-78DDDE9B1857}.Debug|Any CPU.Build.0 = Debug|Any CPU
		{6EEF7E19-B12D-4425-AE57-78DDDE9B1857}.Release|Any CPU.ActiveCfg = Release|Any CPU
		{6EEF7E19-B12D-4425-AE57-78DDDE9B1857}.Release|Any CPU.Build.0 = Release|Any CPU
	EndGlobalSection
	GlobalSection(SolutionProperties) = preSolution
		HideSolutionNode = FALSE
	EndGlobalSection
	GlobalSection(ExtensibilityGlobals) = postSolution
		SolutionGuid = {2FC28DFA-A5B9-4DDB-BE70-9D30F73A9EA5}
	EndGlobalSection
EndGlobal
